
Microsoft Visual Studio Solution File, Format Version 12.00
# Visual Studio Version 16
VisualStudioVersion = 16.0.29609.76
MinimumVisualStudioVersion = 10.0.40219.1
Project("{FAE04EC0-301F-11D3-BF4B-00C04F79EFBC}") = "Eden", "Eden.csproj", "{9E9854B0-2AF7-4669-B424-D67CEDFDEEEA}"
EndProject
Global
	GlobalSection(SolutionConfigurationPlatforms) = preSolution
		Debug|Any CPU = Debug|Any CPU
		Release|Any CPU = Release|Any CPU
	EndGlobalSection
	GlobalSection(ProjectConfigurationPlatforms) = postSolution
		{9E9854B0-2AF7-4669-B424-D67CEDFDEEEA}.Debug|Any CPU.ActiveCfg = Debug|Any CPU
		{9E9854B0-2AF7-4669-B424-D67CEDFDEEEA}.Debug|Any CPU.Build.0 = Debug|Any CPU
		{9E9854B0-2AF7-4669-B424-D67CEDFDEEEA}.Release|Any CPU.ActiveCfg = Release|Any CPU
		{9E9854B0-2AF7-4669-B424-D67CEDFDEEEA}.Release|Any CPU.Build.0 = Release|Any CPU
	EndGlobalSection
	GlobalSection(SolutionProperties) = preSolution
		HideSolutionNode = FALSE
	EndGlobalSection
	GlobalSection(ExtensibilityGlobals) = postSolution
		SolutionGuid = {C0AE600D-9FA9-48DB-AD67-E17532FC9D21}
	EndGlobalSection
EndGlobal
